
Microsoft Visual Studio Solution File, Format Version 12.00
Project("{FAE04EC0-301F-11D3-BF4B-00C04F79EFBC}") = "Zadatak3", "Zadatak3\Zadatak3.csproj", "{7ADACA4C-3893-454C-B536-88E3F93C7742}"
EndProject
Project("{FAE04EC0-301F-11D3-BF4B-00C04F79EFBC}") = "Zadatak1", "Zadatak1\Zadatak1.csproj", "{6E974C27-3904-480E-81AB-63FD4F25AAA9}"
EndProject
Project("{FAE04EC0-301F-11D3-BF4B-00C04F79EFBC}") = "Zadatak2", "Zadatak2\Zadatak2.csproj", "{75EAD612-EE38-4C38-B50B-36D22C28F896}"
EndProject
Project("{FAE04EC0-301F-11D3-BF4B-00C04F79EFBC}") = "Zadatak5", "Zadatak5\Zadatak5.csproj", "{25B28614-6E38-43D5-BA72-18FDF8EAA1F0}"
EndProject
Global
	GlobalSection(SolutionConfigurationPlatforms) = preSolution
		Debug|Any CPU = Debug|Any CPU
		Release|Any CPU = Release|Any CPU
	EndGlobalSection
	GlobalSection(ProjectConfigurationPlatforms) = postSolution
		{7ADACA4C-3893-454C-B536-88E3F93C7742}.Debug|Any CPU.ActiveCfg = Debug|Any CPU
		{7ADACA4C-3893-454C-B536-88E3F93C7742}.Debug|Any CPU.Build.0 = Debug|Any CPU
		{7ADACA4C-3893-454C-B536-88E3F93C7742}.Release|Any CPU.ActiveCfg = Release|Any CPU
		{7ADACA4C-3893-454C-B536-88E3F93C7742}.Release|Any CPU.Build.0 = Release|Any CPU
		{6E974C27-3904-480E-81AB-63FD4F25AAA9}.Debug|Any CPU.ActiveCfg = Debug|Any CPU
		{6E974C27-3904-480E-81AB-63FD4F25AAA9}.Debug|Any CPU.Build.0 = Debug|Any CPU
		{6E974C27-3904-480E-81AB-63FD4F25AAA9}.Release|Any CPU.ActiveCfg = Release|Any CPU
		{6E974C27-3904-480E-81AB-63FD4F25AAA9}.Release|Any CPU.Build.0 = Release|Any CPU
		{75EAD612-EE38-4C38-B50B-36D22C28F896}.Debug|Any CPU.ActiveCfg = Debug|Any CPU
		{75EAD612-EE38-4C38-B50B-36D22C28F896}.Debug|Any CPU.Build.0 = Debug|Any CPU
		{75EAD612-EE38-4C38-B50B-36D22C28F896}.Release|Any CPU.ActiveCfg = Release|Any CPU
		{75EAD612-EE38-4C38-B50B-36D22C28F896}.Release|Any CPU.Build.0 = Release|Any CPU
		{25B28614-6E38-43D5-BA72-18FDF8EAA1F0}.Debug|Any CPU.ActiveCfg = Debug|Any CPU
		{25B28614-6E38-43D5-BA72-18FDF8EAA1F0}.Debug|Any CPU.Build.0 = Debug|Any CPU
		{25B28614-6E38-43D5-BA72-18FDF8EAA1F0}.Release|Any CPU.ActiveCfg = Release|Any CPU
		{25B28614-6E38-43D5-BA72-18FDF8EAA1F0}.Release|Any CPU.Build.0 = Release|Any CPU
	EndGlobalSection
EndGlobal
